
Microsoft Visual Studio Solution File, Format Version 12.00
# Visual Studio 15
VisualStudioVersion = 15.0.28307.960
MinimumVisualStudioVersion = 10.0.40219.1
Project("{FAE04EC0-301F-11D3-BF4B-00C04F79EFBC}") = "helloworld", "helloworld\helloworld.csproj", "{950FB0DD-3C5F-4600-AD50-4A5577C7508F}"
EndProject
Global
	GlobalSection(SolutionConfigurationPlatforms) = preSolution
		Debug|Any CPU = Debug|Any CPU
		Release|Any CPU = Release|Any CPU
	EndGlobalSection
	GlobalSection(ProjectConfigurationPlatforms) = postSolution
		{950FB0DD-3C5F-4600-AD50-4A5577C7508F}.Debug|Any CPU.ActiveCfg = Debug|Any CPU
		{950FB0DD-3C5F-4600-AD50-4A5577C7508F}.Debug|Any CPU.Build.0 = Debug|Any CPU
		{950FB0DD-3C5F-4600-AD50-4A5577C7508F}.Release|Any CPU.ActiveCfg = Release|Any CPU
		{950FB0DD-3C5F-4600-AD50-4A5577C7508F}.Release|Any CPU.Build.0 = Release|Any CPU
	EndGlobalSection
	GlobalSection(SolutionProperties) = preSolution
		HideSolutionNode = FALSE
	EndGlobalSection
	GlobalSection(ExtensibilityGlobals) = postSolution
		SolutionGuid = {F44F90B9-6539-4D42-9C68-D4402AFE3AAE}
	EndGlobalSection
EndGlobal
